
Microsoft Visual Studio Solution File, Format Version 12.00
# Visual Studio Version 17
VisualStudioVersion = 17.8.34309.116
MinimumVisualStudioVersion = 10.0.40219.1
Project("{FAE04EC0-301F-11D3-BF4B-00C04F79EFBC}") = "ATMTicketing.Domain", "src\ATMTicketing.Domain\ATMTicketing.Domain.csproj", "{11111111-0000-0000-0000-000000000001}"
EndProject
Project("{FAE04EC0-301F-11D3-BF4B-00C04F79EFBC}") = "ATMTicketing.Application", "src\ATMTicketing.Application\ATMTicketing.Application.csproj", "{22222222-0000-0000-0000-000000000002}"
EndProject
Project("{FAE04EC0-301F-11D3-BF4B-00C04F79EFBC}") = "ATMTicketing.Infrastructure", "src\ATMTicketing.Infrastructure\ATMTicketing.Infrastructure.csproj", "{33333333-0000-0000-0000-000000000003}"
EndProject
Project("{FAE04EC0-301F-11D3-BF4B-00C04F79EFBC}") = "ATMTicketing.Web", "src\ATMTicketing.Web\ATMTicketing.Web.csproj", "{44444444-0000-0000-0000-000000000004}"
EndProject
Global
	GlobalSection(SolutionConfigurationPlatforms) = preSolution
		Debug|Any CPU = Debug|Any CPU
		Release|Any CPU = Release|Any CPU
	EndGlobalSection
	GlobalSection(ProjectConfigurationPlatforms) = postSolution
		{11111111-0000-0000-0000-000000000001}.Debug|Any CPU.ActiveCfg = Debug|Any CPU
		{11111111-0000-0000-0000-000000000001}.Debug|Any CPU.Build.0 = Debug|Any CPU
		{11111111-0000-0000-0000-000000000001}.Release|Any CPU.ActiveCfg = Release|Any CPU
		{11111111-0000-0000-0000-000000000001}.Release|Any CPU.Build.0 = Release|Any CPU
		{22222222-0000-0000-0000-000000000002}.Debug|Any CPU.ActiveCfg = Debug|Any CPU
		{22222222-0000-0000-0000-000000000002}.Debug|Any CPU.Build.0 = Debug|Any CPU
		{22222222-0000-0000-0000-000000000002}.Release|Any CPU.ActiveCfg = Release|Any CPU
		{22222222-0000-0000-0000-000000000002}.Release|Any CPU.Build.0 = Release|Any CPU
		{33333333-0000-0000-0000-000000000003}.Debug|Any CPU.ActiveCfg = Debug|Any CPU
		{33333333-0000-0000-0000-000000000003}.Debug|Any CPU.Build.0 = Debug|Any CPU
		{33333333-0000-0000-0000-000000000003}.Release|Any CPU.ActiveCfg = Release|Any CPU
		{33333333-0000-0000-0000-000000000003}.Release|Any CPU.Build.0 = Release|Any CPU
		{44444444-0000-0000-0000-000000000004}.Debug|Any CPU.ActiveCfg = Debug|Any CPU
		{44444444-0000-0000-0000-000000000004}.Debug|Any CPU.Build.0 = Debug|Any CPU
		{44444444-0000-0000-0000-000000000004}.Release|Any CPU.ActiveCfg = Release|Any CPU
		{44444444-0000-0000-0000-000000000004}.Release|Any CPU.Build.0 = Release|Any CPU
	EndGlobalSection
	GlobalSection(SolutionProperties) = preSolution
		HideSolutionNode = FALSE
	EndGlobalSection
EndGlobal
